
Microsoft Visual Studio Solution File, Format Version 12.00
# Visual Studio Version 16
VisualStudioVersion = 16.0.810.16
MinimumVisualStudioVersion = 10.0.40219.1
Project("{FAE04EC0-301F-11D3-BF4B-00C04F79EFBC}") = "tSite", "tSite\tSite.csproj", "{BD26281F-B28D-48D9-BCF7-CD26CCBE8B3B}"
EndProject
Global
	GlobalSection(SolutionConfigurationPlatforms) = preSolution
		Debug|Any CPU = Debug|Any CPU
		Release|Any CPU = Release|Any CPU
	EndGlobalSection
	GlobalSection(ProjectConfigurationPlatforms) = postSolution
		{BD26281F-B28D-48D9-BCF7-CD26CCBE8B3B}.Debug|Any CPU.ActiveCfg = Debug|Any CPU
		{BD26281F-B28D-48D9-BCF7-CD26CCBE8B3B}.Debug|Any CPU.Build.0 = Debug|Any CPU
		{BD26281F-B28D-48D9-BCF7-CD26CCBE8B3B}.Release|Any CPU.ActiveCfg = Release|Any CPU
		{BD26281F-B28D-48D9-BCF7-CD26CCBE8B3B}.Release|Any CPU.Build.0 = Release|Any CPU
	EndGlobalSection
	GlobalSection(SolutionProperties) = preSolution
		HideSolutionNode = FALSE
	EndGlobalSection
	GlobalSection(ExtensibilityGlobals) = postSolution
		SolutionGuid = {79733D2B-FD3A-4B78-AF89-EAB47BFD4A66}
	EndGlobalSection
	GlobalSection(MonoDevelopProperties) = preSolution
		Policies = $0
		$0.DotNetNamingPolicy = $1
		$1.DirectoryNamespaceAssociation = PrefixedHierarchical
	EndGlobalSection
EndGlobal
